
Microsoft Visual Studio Solution File, Format Version 12.00
# Visual Studio 15
VisualStudioVersion = 15.0.28010.2036
MinimumVisualStudioVersion = 10.0.40219.1
Project("{FAE04EC0-301F-11D3-BF4B-00C04F79EFBC}") = "Sample DAL", "Sample DAL\Sample DAL.csproj", "{5A1099B3-3F82-4F9D-B7EC-ABBF3B77B481}"
EndProject
Global
	GlobalSection(SolutionConfigurationPlatforms) = preSolution
		Debug|Any CPU = Debug|Any CPU
		Release|Any CPU = Release|Any CPU
	EndGlobalSection
	GlobalSection(ProjectConfigurationPlatforms) = postSolution
		{5A1099B3-3F82-4F9D-B7EC-ABBF3B77B481}.Debug|Any CPU.ActiveCfg = Debug|Any CPU
		{5A1099B3-3F82-4F9D-B7EC-ABBF3B77B481}.Debug|Any CPU.Build.0 = Debug|Any CPU
		{5A1099B3-3F82-4F9D-B7EC-ABBF3B77B481}.Release|Any CPU.ActiveCfg = Release|Any CPU
		{5A1099B3-3F82-4F9D-B7EC-ABBF3B77B481}.Release|Any CPU.Build.0 = Release|Any CPU
	EndGlobalSection
	GlobalSection(SolutionProperties) = preSolution
		HideSolutionNode = FALSE
	EndGlobalSection
	GlobalSection(ExtensibilityGlobals) = postSolution
		SolutionGuid = {C8E9AE80-B213-4E2B-9AFF-C631EDFF9DDC}
	EndGlobalSection
EndGlobal
